{
  "version": 4,
  "terraform_version": "0.12.0",
  "serial": 15,
  "lineage": "328eff57-1d2e-6ef9-c521-0f8543c8fa2b",
  "outputs": {},
  "resources": [
    {
      "mode": "managed",
      "type": "aws_docdb_cluster",
      "name": "proj_devops",
      "provider": "provider.aws",
      "instances": [
        {
          "schema_version": 0,
          "attributes": {
            "apply_immediately": null,
            "arn": "arn:aws:rds:us-east-1:576708729627:cluster:my-docdb-cluster",
            "availability_zones": [
              "us-east-1a",
              "us-east-1b",
              "us-east-1c"
            ],
            "backup_retention_period": 1,
            "cluster_identifier": "my-docdb-cluster",
            "cluster_identifier_prefix": null,
            "cluster_members": [],
            "cluster_resource_id": "cluster-I2RLENPGGTI43HQQEKEKPV476A",
            "db_cluster_parameter_group_name": "default.docdb3.6",
            "db_subnet_group_name": "default",
            "enabled_cloudwatch_logs_exports": null,
            "endpoint": "my-docdb-cluster.cluster-c24h33kru0dr.us-east-1.docdb.amazonaws.com",
            "engine": "docdb",
            "engine_version": "3.6.0",
            "final_snapshot_identifier": null,
            "hosted_zone_id": "ZNKXH85TT8WVW",
            "id": "my-docdb-cluster",
            "kms_key_id": "",
            "master_password": "infection",
            "master_username": "Irfan",
            "port": 27017,
            "preferred_backup_window": "09:53-10:23",
            "preferred_maintenance_window": "wed:07:02-wed:07:32",
            "reader_endpoint": "my-docdb-cluster.cluster-ro-c24h33kru0dr.us-east-1.docdb.amazonaws.com",
            "skip_final_snapshot": true,
            "snapshot_identifier": null,
            "storage_encrypted": false,
            "tags": null,
            "timeouts": null,
            "vpc_security_group_ids": [
              "sg-7d5b4625"
            ]
          }
        }
      ]
    }
  ]
}
